
Microsoft Visual Studio Solution File, Format Version 12.00
# Visual Studio 15
VisualStudioVersion = 15.0.27428.2037
MinimumVisualStudioVersion = 10.0.40219.1
Project("{FAE04EC0-301F-11D3-BF4B-00C04F79EFBC}") = "WebTests", "WebTests\WebTests.csproj", "{EA063668-09FB-4C18-9091-8E3748F9FDD4}"
EndProject
Project("{2150E333-8FDC-42A3-9474-1A3956D46DE8}") = "Solution Items", "Solution Items", "{71735627-9993-461C-94E4-D73B9EB7D950}"
	ProjectSection(SolutionItems) = preProject
		Local.testsettings = Local.testsettings
	EndProjectSection
EndProject
Global
	GlobalSection(SolutionConfigurationPlatforms) = preSolution
		Debug|Any CPU = Debug|Any CPU
		Release|Any CPU = Release|Any CPU
	EndGlobalSection
	GlobalSection(ProjectConfigurationPlatforms) = postSolution
		{EA063668-09FB-4C18-9091-8E3748F9FDD4}.Debug|Any CPU.ActiveCfg = Debug|Any CPU
		{EA063668-09FB-4C18-9091-8E3748F9FDD4}.Debug|Any CPU.Build.0 = Debug|Any CPU
		{EA063668-09FB-4C18-9091-8E3748F9FDD4}.Release|Any CPU.ActiveCfg = Release|Any CPU
		{EA063668-09FB-4C18-9091-8E3748F9FDD4}.Release|Any CPU.Build.0 = Release|Any CPU
	EndGlobalSection
	GlobalSection(SolutionProperties) = preSolution
		HideSolutionNode = FALSE
	EndGlobalSection
	GlobalSection(ExtensibilityGlobals) = postSolution
		SolutionGuid = {856EB31E-88F6-4AAC-BC68-1CB4F29D6A90}
	EndGlobalSection
EndGlobal
